
Microsoft Visual Studio Solution File, Format Version 12.00
# Visual Studio Version 17
VisualStudioVersion = 17.5.002.0
MinimumVisualStudioVersion = 10.0.40219.1
Project("{9A19103F-16F7-4668-BE54-9A1E7A4F7556}") = "RPG Game", "RPG Game.csproj", "{696FD8C1-82EF-4A70-899F-8B88B810C542}"
EndProject
Global
	GlobalSection(SolutionConfigurationPlatforms) = preSolution
		Debug|Any CPU = Debug|Any CPU
		Release|Any CPU = Release|Any CPU
	EndGlobalSection
	GlobalSection(ProjectConfigurationPlatforms) = postSolution
		{696FD8C1-82EF-4A70-899F-8B88B810C542}.Debug|Any CPU.ActiveCfg = Debug|Any CPU
		{696FD8C1-82EF-4A70-899F-8B88B810C542}.Debug|Any CPU.Build.0 = Debug|Any CPU
		{696FD8C1-82EF-4A70-899F-8B88B810C542}.Release|Any CPU.ActiveCfg = Release|Any CPU
		{696FD8C1-82EF-4A70-899F-8B88B810C542}.Release|Any CPU.Build.0 = Release|Any CPU
	EndGlobalSection
	GlobalSection(SolutionProperties) = preSolution
		HideSolutionNode = FALSE
	EndGlobalSection
	GlobalSection(ExtensibilityGlobals) = postSolution
		SolutionGuid = {4B77336E-543B-43D9-969F-972C8EF79A75}
	EndGlobalSection
EndGlobal
