
Microsoft Visual Studio Solution File, Format Version 12.00
# Visual Studio Version 17
VisualStudioVersion = 17.5.002.0
MinimumVisualStudioVersion = 10.0.40219.1
Project("{9A19103F-16F7-4668-BE54-9A1E7A4F7556}") = "PasswordChecker", "PasswordChecker.csproj", "{C0A25724-048D-456E-9113-BAC7AA2D9A0D}"
EndProject
Global
	GlobalSection(SolutionConfigurationPlatforms) = preSolution
		Debug|Any CPU = Debug|Any CPU
		Release|Any CPU = Release|Any CPU
	EndGlobalSection
	GlobalSection(ProjectConfigurationPlatforms) = postSolution
		{C0A25724-048D-456E-9113-BAC7AA2D9A0D}.Debug|Any CPU.ActiveCfg = Debug|Any CPU
		{C0A25724-048D-456E-9113-BAC7AA2D9A0D}.Debug|Any CPU.Build.0 = Debug|Any CPU
		{C0A25724-048D-456E-9113-BAC7AA2D9A0D}.Release|Any CPU.ActiveCfg = Release|Any CPU
		{C0A25724-048D-456E-9113-BAC7AA2D9A0D}.Release|Any CPU.Build.0 = Release|Any CPU
	EndGlobalSection
	GlobalSection(SolutionProperties) = preSolution
		HideSolutionNode = FALSE
	EndGlobalSection
	GlobalSection(ExtensibilityGlobals) = postSolution
		SolutionGuid = {367908C7-2B80-4398-A834-22D8547FBC0D}
	EndGlobalSection
EndGlobal
